
Microsoft Visual Studio Solution File, Format Version 12.00
# Visual Studio 15
VisualStudioVersion = 15.0.28307.572
MinimumVisualStudioVersion = 10.0.40219.1
Project("{FAE04EC0-301F-11D3-BF4B-00C04F79EFBC}") = "LinkedList", "HackTheCode\LinkedList.csproj", "{5910AF86-7438-4FFE-B2F2-A90531885957}"
EndProject
Project("{FAE04EC0-301F-11D3-BF4B-00C04F79EFBC}") = "Array", "Array\Array.csproj", "{1E0F5ACA-456D-4519-89BB-3F640B3029EE}"
EndProject
Global
	GlobalSection(SolutionConfigurationPlatforms) = preSolution
		Debug|Any CPU = Debug|Any CPU
		Release|Any CPU = Release|Any CPU
	EndGlobalSection
	GlobalSection(ProjectConfigurationPlatforms) = postSolution
		{5910AF86-7438-4FFE-B2F2-A90531885957}.Debug|Any CPU.ActiveCfg = Debug|Any CPU
		{5910AF86-7438-4FFE-B2F2-A90531885957}.Debug|Any CPU.Build.0 = Debug|Any CPU
		{5910AF86-7438-4FFE-B2F2-A90531885957}.Release|Any CPU.ActiveCfg = Release|Any CPU
		{5910AF86-7438-4FFE-B2F2-A90531885957}.Release|Any CPU.Build.0 = Release|Any CPU
		{1E0F5ACA-456D-4519-89BB-3F640B3029EE}.Debug|Any CPU.ActiveCfg = Debug|Any CPU
		{1E0F5ACA-456D-4519-89BB-3F640B3029EE}.Debug|Any CPU.Build.0 = Debug|Any CPU
		{1E0F5ACA-456D-4519-89BB-3F640B3029EE}.Release|Any CPU.ActiveCfg = Release|Any CPU
		{1E0F5ACA-456D-4519-89BB-3F640B3029EE}.Release|Any CPU.Build.0 = Release|Any CPU
	EndGlobalSection
	GlobalSection(SolutionProperties) = preSolution
		HideSolutionNode = FALSE
	EndGlobalSection
	GlobalSection(ExtensibilityGlobals) = postSolution
		SolutionGuid = {3E459A3C-4BD0-4442-87B2-B6312BA3BF0F}
	EndGlobalSection
EndGlobal
