
Microsoft Visual Studio Solution File, Format Version 12.00
# Visual Studio 15
VisualStudioVersion = 15.0.28307.572
MinimumVisualStudioVersion = 10.0.40219.1
Project("{FAE04EC0-301F-11D3-BF4B-00C04F79EFBC}") = "LinkedList", "HackTheCode\LinkedList.csproj", "{5910AF86-7438-4FFE-B2F2-A90531885957}"
EndProject
Project("{FAE04EC0-301F-11D3-BF4B-00C04F79EFBC}") = "Array", "Array\Array.csproj", "{1E0F5ACA-456D-4519-89BB-3F640B3029EE}"
EndProject
Project("{FAE04EC0-301F-11D3-BF4B-00C04F79EFBC}") = "Sorting", "Sorting\Sorting.csproj", "{BAB9F133-ACD8-472B-9813-5ACFFA062FA1}"
EndProject
Project("{FAE04EC0-301F-11D3-BF4B-00C04F79EFBC}") = "Maths", "Maths\Maths.csproj", "{E0C06AA1-15CC-4DE5-861E-0BD607E011D3}"
EndProject
Project("{FAE04EC0-301F-11D3-BF4B-00C04F79EFBC}") = "Recursion", "Recursion\Recursion.csproj", "{C22B2E09-D7DC-4BE9-818D-BBC258E7406A}"
EndProject
Project("{FAE04EC0-301F-11D3-BF4B-00C04F79EFBC}") = "String", "String\String.csproj", "{24F9FF01-63BA-4981-9F23-7DB623F1BA06}"
EndProject
Global
	GlobalSection(SolutionConfigurationPlatforms) = preSolution
		Debug|Any CPU = Debug|Any CPU
		Release|Any CPU = Release|Any CPU
	EndGlobalSection
	GlobalSection(ProjectConfigurationPlatforms) = postSolution
		{5910AF86-7438-4FFE-B2F2-A90531885957}.Debug|Any CPU.ActiveCfg = Debug|Any CPU
		{5910AF86-7438-4FFE-B2F2-A90531885957}.Debug|Any CPU.Build.0 = Debug|Any CPU
		{5910AF86-7438-4FFE-B2F2-A90531885957}.Release|Any CPU.ActiveCfg = Release|Any CPU
		{5910AF86-7438-4FFE-B2F2-A90531885957}.Release|Any CPU.Build.0 = Release|Any CPU
		{1E0F5ACA-456D-4519-89BB-3F640B3029EE}.Debug|Any CPU.ActiveCfg = Debug|Any CPU
		{1E0F5ACA-456D-4519-89BB-3F640B3029EE}.Debug|Any CPU.Build.0 = Debug|Any CPU
		{1E0F5ACA-456D-4519-89BB-3F640B3029EE}.Release|Any CPU.ActiveCfg = Release|Any CPU
		{1E0F5ACA-456D-4519-89BB-3F640B3029EE}.Release|Any CPU.Build.0 = Release|Any CPU
		{BAB9F133-ACD8-472B-9813-5ACFFA062FA1}.Debug|Any CPU.ActiveCfg = Debug|Any CPU
		{BAB9F133-ACD8-472B-9813-5ACFFA062FA1}.Debug|Any CPU.Build.0 = Debug|Any CPU
		{BAB9F133-ACD8-472B-9813-5ACFFA062FA1}.Release|Any CPU.ActiveCfg = Release|Any CPU
		{BAB9F133-ACD8-472B-9813-5ACFFA062FA1}.Release|Any CPU.Build.0 = Release|Any CPU
		{E0C06AA1-15CC-4DE5-861E-0BD607E011D3}.Debug|Any CPU.ActiveCfg = Debug|Any CPU
		{E0C06AA1-15CC-4DE5-861E-0BD607E011D3}.Debug|Any CPU.Build.0 = Debug|Any CPU
		{E0C06AA1-15CC-4DE5-861E-0BD607E011D3}.Release|Any CPU.ActiveCfg = Release|Any CPU
		{E0C06AA1-15CC-4DE5-861E-0BD607E011D3}.Release|Any CPU.Build.0 = Release|Any CPU
		{C22B2E09-D7DC-4BE9-818D-BBC258E7406A}.Debug|Any CPU.ActiveCfg = Debug|Any CPU
		{C22B2E09-D7DC-4BE9-818D-BBC258E7406A}.Debug|Any CPU.Build.0 = Debug|Any CPU
		{C22B2E09-D7DC-4BE9-818D-BBC258E7406A}.Release|Any CPU.ActiveCfg = Release|Any CPU
		{C22B2E09-D7DC-4BE9-818D-BBC258E7406A}.Release|Any CPU.Build.0 = Release|Any CPU
		{24F9FF01-63BA-4981-9F23-7DB623F1BA06}.Debug|Any CPU.ActiveCfg = Debug|Any CPU
		{24F9FF01-63BA-4981-9F23-7DB623F1BA06}.Debug|Any CPU.Build.0 = Debug|Any CPU
		{24F9FF01-63BA-4981-9F23-7DB623F1BA06}.Release|Any CPU.ActiveCfg = Release|Any CPU
		{24F9FF01-63BA-4981-9F23-7DB623F1BA06}.Release|Any CPU.Build.0 = Release|Any CPU
	EndGlobalSection
	GlobalSection(SolutionProperties) = preSolution
		HideSolutionNode = FALSE
	EndGlobalSection
	GlobalSection(ExtensibilityGlobals) = postSolution
		SolutionGuid = {3E459A3C-4BD0-4442-87B2-B6312BA3BF0F}
	EndGlobalSection
EndGlobal
